<?xml version="1.0" encoding="utf-8"?>
<Project ToolsVersion="4.0" xmlns="http://schemas.microsoft.com/developer/msbuild/2003">
  <ItemGroup>
    <Filter Include="Source Files">
      <UniqueIdentifier>{d7b6b772-5e76-4036-89e5-dae481b4b8c0}</UniqueIdentifier>
      <Extensions>cpp;c;cxx;rc;def;r;odl;idl;hpj;bat</Extensions>
    </Filter>
    <Filter Include="Header Files">
      <UniqueIdentifier>{7f871342-34c8-44c5-a1f2-db81395ffc7d}</UniqueIdentifier>
      <Extensions>h;hpp;hxx;hm;inl</Extensions>
    </Filter>
  </ItemGroup>
  <ItemGroup>
    <ClCompile Include="Embedder.cpp">
      <Filter>Source Files</Filter>
    </ClCompile>
    <ClCompile Include="router_embedded_audio.cpp">
      <Filter>Source Files</Filter>
    </ClCompile>
  </ItemGroup>
  <ItemGroup>
    <ResourceCompile Include="router_embedded_audio.rc">
      <Filter>Source Files</Filter>
    </ResourceCompile>
  </ItemGroup>
  <ItemGroup>
    <ClInclude Include="..\..\..\source\include\bncs_config.h">
      <Filter>Header Files</Filter>
    </ClInclude>
    <ClInclude Include="..\..\..\source\include\bncs_script_helper.h">
      <Filter>Header Files</Filter>
    </ClInclude>
    <ClInclude Include="..\..\..\source\include\bncs_string.h">
      <Filter>Header Files</Filter>
    </ClInclude>
    <ClInclude Include="..\..\..\source\include\bncs_stringlist.h">
      <Filter>Header Files</Filter>
    </ClInclude>
    <ClInclude Include="Embedder.h">
      <Filter>Header Files</Filter>
    </ClInclude>
    <ClInclude Include="router_embedded_audio.h">
      <Filter>Header Files</Filter>
    </ClInclude>
  </ItemGroup>
</Project>