<?xml version="1.0" encoding="utf-8"?>
<Project ToolsVersion="4.0" xmlns="http://schemas.microsoft.com/developer/msbuild/2003">
  <ItemGroup>
    <Filter Include="source">
      <UniqueIdentifier>{bd599207-059b-4949-8bca-d38f2b771e47}</UniqueIdentifier>
    </Filter>
    <Filter Include="header">
      <UniqueIdentifier>{1a0ccdbc-d955-45f1-a406-aeac8eda61c8}</UniqueIdentifier>
    </Filter>
    <Filter Include="docs">
      <UniqueIdentifier>{f31902d2-e23c-44c3-80f1-70503b7bcee6}</UniqueIdentifier>
    </Filter>
  </ItemGroup>
  <ItemGroup>
    <ClCompile Include="deviceStatus.cpp">
      <Filter>source</Filter>
    </ClCompile>
  </ItemGroup>
  <ItemGroup>
    <ClInclude Include="deviceStatus.h">
      <Filter>header</Filter>
    </ClInclude>
  </ItemGroup>
  <ItemGroup>
    <None Include="docs\deviceStatus.md">
      <Filter>docs</Filter>
    </None>
  </ItemGroup>
  <ItemGroup>
    <ResourceCompile Include="deviceStatus.rc">
      <Filter>source</Filter>
    </ResourceCompile>
  </ItemGroup>
</Project>