<?xml version="1.0" encoding="utf-8"?>
<Project ToolsVersion="4.0" xmlns="http://schemas.microsoft.com/developer/msbuild/2003">
  <ItemGroup>
    <Filter Include="Source Files">
      <UniqueIdentifier>{c5957459-148c-4d74-9d9e-55d58ba54a46}</UniqueIdentifier>
      <Extensions>cpp;c;cxx;rc;def;r;odl;idl;hpj;bat</Extensions>
    </Filter>
    <Filter Include="Header Files">
      <UniqueIdentifier>{f1d9636d-677b-446d-9970-c41022aa1221}</UniqueIdentifier>
      <Extensions>h;hpp;hxx;hm;inl</Extensions>
    </Filter>
  </ItemGroup>
  <ItemGroup>
    <ClCompile Include="globalXY.cpp">
      <Filter>Source Files</Filter>
    </ClCompile>
  </ItemGroup>
  <ItemGroup>
    <ResourceCompile Include="globalXY.rc">
      <Filter>Source Files</Filter>
    </ResourceCompile>
  </ItemGroup>
  <ItemGroup>
    <ClInclude Include="..\..\..\..\Program Files\Microsoft Visual Studio\VC98\Include\BASETSD.H">
      <Filter>Header Files</Filter>
    </ClInclude>
    <ClInclude Include="..\..\source\include\bncs_client_callback.h">
      <Filter>Header Files</Filter>
    </ClInclude>
    <ClInclude Include="..\..\source\include\bncs_config.h">
      <Filter>Header Files</Filter>
    </ClInclude>
    <ClInclude Include="..\..\source\include\bncs_script_helper.h">
      <Filter>Header Files</Filter>
    </ClInclude>
    <ClInclude Include="..\..\source\include\bncs_string.h">
      <Filter>Header Files</Filter>
    </ClInclude>
    <ClInclude Include="..\..\source\include\bncs_stringlist.h">
      <Filter>Header Files</Filter>
    </ClInclude>
    <ClInclude Include="..\..\source\include\decodecaptionstring.h">
      <Filter>Header Files</Filter>
    </ClInclude>
    <ClInclude Include="globalXY.h">
      <Filter>Header Files</Filter>
    </ClInclude>
  </ItemGroup>
  <ItemGroup>
    <CustomBuild Include="renameKeyboard.bncs_ui" />
  </ItemGroup>
  <ItemGroup>
    <None Include="main.bncs_ui" />
    <None Include="popup_dump.bncs_ui" />
    <None Include="rename.bncs_ui" />
  </ItemGroup>
</Project>