
Microsoft Visual Studio Solution File, Format Version 12.00
# Visual Studio 2013
VisualStudioVersion = 12.0.30501.0
MinimumVisualStudioVersion = 10.0.40219.1
Project("{8BC9CEB8-8B4A-11D0-8D11-00A0C91BC942}") = "router_shortcuts", "router_shortcuts.vcxproj", "{394A597A-9AD1-4C1D-9FD0-D4A156138F93}"
EndProject
Global
	GlobalSection(SolutionConfigurationPlatforms) = preSolution
		Debug|Win32 = Debug|Win32
		Release|Win32 = Release|Win32
		Template|Win32 = Template|Win32
	EndGlobalSection
	GlobalSection(ProjectConfigurationPlatforms) = postSolution
		{394A597A-9AD1-4C1D-9FD0-D4A156138F93}.Debug|Win32.ActiveCfg = Debug|Win32
		{394A597A-9AD1-4C1D-9FD0-D4A156138F93}.Debug|Win32.Build.0 = Debug|Win32
		{394A597A-9AD1-4C1D-9FD0-D4A156138F93}.Release|Win32.ActiveCfg = Release|Win32
		{394A597A-9AD1-4C1D-9FD0-D4A156138F93}.Release|Win32.Build.0 = Release|Win32
		{394A597A-9AD1-4C1D-9FD0-D4A156138F93}.Template|Win32.ActiveCfg = Template|Win32
		{394A597A-9AD1-4C1D-9FD0-D4A156138F93}.Template|Win32.Build.0 = Template|Win32
	EndGlobalSection
	GlobalSection(SolutionProperties) = preSolution
		HideSolutionNode = FALSE
	EndGlobalSection
EndGlobal
