
Microsoft Visual Studio Solution File, Format Version 12.00
# Visual Studio 2013
VisualStudioVersion = 12.0.30501.0
MinimumVisualStudioVersion = 10.0.40219.1
Project("{8BC9CEB8-8B4A-11D0-8D11-00A0C91BC942}") = "router_pti", "router_pti.vcxproj", "{9B8D6FE4-F273-4912-A8E5-3906356CA541}"
EndProject
Global
	GlobalSection(SolutionConfigurationPlatforms) = preSolution
		Debug|Win32 = Debug|Win32
		Release|Win32 = Release|Win32
		Template|Win32 = Template|Win32
	EndGlobalSection
	GlobalSection(ProjectConfigurationPlatforms) = postSolution
		{9B8D6FE4-F273-4912-A8E5-3906356CA541}.Debug|Win32.ActiveCfg = Debug|Win32
		{9B8D6FE4-F273-4912-A8E5-3906356CA541}.Debug|Win32.Build.0 = Debug|Win32
		{9B8D6FE4-F273-4912-A8E5-3906356CA541}.Release|Win32.ActiveCfg = Release|Win32
		{9B8D6FE4-F273-4912-A8E5-3906356CA541}.Release|Win32.Build.0 = Release|Win32
		{9B8D6FE4-F273-4912-A8E5-3906356CA541}.Template|Win32.ActiveCfg = Template|Win32
		{9B8D6FE4-F273-4912-A8E5-3906356CA541}.Template|Win32.Build.0 = Template|Win32
	EndGlobalSection
	GlobalSection(SolutionProperties) = preSolution
		HideSolutionNode = FALSE
	EndGlobalSection
EndGlobal
