
Microsoft Visual Studio Solution File, Format Version 12.00
# Visual Studio Express 14 for Windows Desktop
VisualStudioVersion = 14.0.25420.1
MinimumVisualStudioVersion = 10.0.40219.1
Project("{8BC9CEB8-8B4A-11D0-8D11-00A0C91BC942}") = "topstrap", "topstrap.vcxproj", "{E74170FA-D0D1-409E-B48E-0C87D9A01045}"
EndProject
Global
	GlobalSection(SolutionConfigurationPlatforms) = preSolution
		Debug|x86 = Debug|x86
		Release|x86 = Release|x86
	EndGlobalSection
	GlobalSection(ProjectConfigurationPlatforms) = postSolution
		{E74170FA-D0D1-409E-B48E-0C87D9A01045}.Debug|x86.ActiveCfg = Debug|Win32
		{E74170FA-D0D1-409E-B48E-0C87D9A01045}.Debug|x86.Build.0 = Debug|Win32
		{E74170FA-D0D1-409E-B48E-0C87D9A01045}.Release|x86.ActiveCfg = Release|Win32
		{E74170FA-D0D1-409E-B48E-0C87D9A01045}.Release|x86.Build.0 = Release|Win32
	EndGlobalSection
	GlobalSection(SolutionProperties) = preSolution
		HideSolutionNode = FALSE
	EndGlobalSection
EndGlobal
